{
  "version": "2",
  "remote": {
    "https://cdn.skypack.dev/-/http-cache-semantics@v4.1.1-N0bWdwKGKLbWpVco6TJA/dist=es2019,mode=imports/optimized/http-cache-semantics.js": "d2b8a8ddda629c7a915c269ecad2ba761cacad5c6e21bbf34381def053702294",
    "https://cdn.skypack.dev/-/http-cache-semantics@v4.1.1-N0bWdwKGKLbWpVco6TJA/dist=es2019,mode=types/index.d.ts": "cab425b5559edac18327eb2c3c0f47e7e9f71b667290b7689faafd28aac69eae",
    "https://cdn.skypack.dev/-/tweetnacl@v1.0.3-G4yM3nQ8lnXXlGGQADqJ/dist=es2019,mode=imports/optimized/tweetnacl.js": "d26554516df57e5cb58954e90c633c8871b4e66016b9fe4e07a36db5430bc8c7",
    "https://cdn.skypack.dev/-/tweetnacl@v1.0.3-G4yM3nQ8lnXXlGGQADqJ/dist=es2019,mode=types/nacl.d.ts": "60592f5ae1b739c9607a99895d4a3ad5c865b16903e4180e50b256e360a4a104",
    "https://cdn.skypack.dev/http-cache-semantics?dts": "351196d5e6d6b0cd41d8cfcc73f9a741532c8ac5ff1686a2c86d554a2a3dc993",
    "https://cdn.skypack.dev/tweetnacl@v1.0.3?dts": "6610aad2ac175c2d575995fc7de8ed552c2e5e05aef80ed8588cf3c6e2db61d7",
    "https://deno.land/std@0.118.0/_util/assert.ts": "2f868145a042a11d5ad0a3c748dcf580add8a0dbc0e876eaa0026303a5488f58",
    "https://deno.land/std@0.118.0/_util/os.ts": "dfb186cc4e968c770ab6cc3288bd65f4871be03b93beecae57d657232ecffcac",
    "https://deno.land/std@0.118.0/path/_constants.ts": "1247fee4a79b70c89f23499691ef169b41b6ccf01887a0abd131009c5581b853",
    "https://deno.land/std@0.118.0/path/_interface.ts": "1fa73b02aaa24867e481a48492b44f2598cd9dfa513c7b34001437007d3642e4",
    "https://deno.land/std@0.118.0/path/_util.ts": "2e06a3b9e79beaf62687196bd4b60a4c391d862cfa007a20fc3a39f778ba073b",
    "https://deno.land/std@0.118.0/path/common.ts": "f41a38a0719a1e85aa11c6ba3bea5e37c15dd009d705bd8873f94c833568cbc4",
    "https://deno.land/std@0.118.0/path/glob.ts": "ea87985765b977cc284b92771003b2070c440e0807c90e1eb0ff3e095911a820",
    "https://deno.land/std@0.118.0/path/mod.ts": "4465dc494f271b02569edbb4a18d727063b5dbd6ed84283ff906260970a15d12",
    "https://deno.land/std@0.118.0/path/posix.ts": "34349174b9cd121625a2810837a82dd8b986bbaaad5ade690d1de75bbb4555b2",
    "https://deno.land/std@0.118.0/path/separator.ts": "8fdcf289b1b76fd726a508f57d3370ca029ae6976fcde5044007f062e643ff1c",
    "https://deno.land/std@0.118.0/path/win32.ts": "11549e8c6df8307a8efcfa47ad7b2a75da743eac7d4c89c9723a944661c8bd2e",
    "https://deno.land/std@0.154.0/_deno_unstable.ts": "4ddb8672d49d58b5bbc4a5a7a2f1b3bce4fd06aa4c8b8476728334391667de7b",
    "https://deno.land/std@0.154.0/async/abortable.ts": "87aa7230be8360c24ad437212311c9e8d4328854baec27b4c7abb26e85515c06",
    "https://deno.land/std@0.154.0/async/deadline.ts": "48ac998d7564969f3e6ec6b6f9bf0217ebd00239b1b2292feba61272d5dd58d0",
    "https://deno.land/std@0.154.0/async/debounce.ts": "de5433bff08a2bb61416fc53b3bd2d5867090c8a815465e5b4a10a77495b1051",
    "https://deno.land/std@0.154.0/async/deferred.ts": "c01de44b9192359cebd3fe93273fcebf9e95110bf3360023917da9a2d1489fae",
    "https://deno.land/std@0.154.0/async/delay.ts": "d5a169caede8e1c5d46b3f25eab97db5fd1ab193fc82a53bafd3642ac42ca3c7",
    "https://deno.land/std@0.154.0/async/mod.ts": "dd0a8ed4f3984ffabe2fcca7c9f466b7932d57b1864ffee148a5d5388316db6b",
    "https://deno.land/std@0.154.0/async/mux_async_iterator.ts": "3447b28a2a582224a3d4d3596bccbba6e85040da3b97ed64012f7decce98d093",
    "https://deno.land/std@0.154.0/async/pool.ts": "ef9eb97b388543acbf0ac32647121e4dbe629236899586c4d4311a8770fbb239",
    "https://deno.land/std@0.154.0/async/tee.ts": "d27680d911816fcb3d231e16d690e7588079e66a9b2e5ce8cc354db94fdce95f",
    "https://deno.land/std@0.154.0/http/http_status.ts": "897575a7d6bc2b9123f6a38ecbc0f03d95a532c5d92029315dc9f508e12526b8",
    "https://deno.land/std@0.154.0/http/server.ts": "e2e16f0b124ffef022ad04797d4250d6e4fc0d9579780999091949b17789dd1a",
    "https://deno.land/std@0.185.0/collections/filter_values.ts": "5b9feaf17b9a6e5ffccdd36cf6f38fa4ffa94cff2602d381c2ad0c2a97929652",
    "https://deno.land/std@0.185.0/collections/without_all.ts": "a89f5da0b5830defed4f59666e188df411d8fece35a5f6ca69be6ca71a95c185",
    "https://deno.land/std@0.185.0/dotenv/mod.ts": "f5a8123741d1561ae8184a7f043bc097b15132c5171c651142b804b6dbc21853",
    "https://deno.land/x/discord_api_types@0.37.41/gateway/common.ts": "fb67003adda424df76c2726e0624d709c5a16e3694d6b75facd587d121fe121f",
    "https://deno.land/x/discord_api_types@0.37.41/gateway/v10.ts": "b819de78131faf09f6c98450194cd18046f5b52b6015c1d0e400d8563a9d1c2a",
    "https://deno.land/x/discord_api_types@0.37.41/globals.ts": "687dfae80127f0e5a2baf474f668a85556a42920887bad631f5f154ef008080f",
    "https://deno.land/x/discord_api_types@0.37.41/payloads/common.ts": "83568375adcbad4c8af40d8d1c46ea5182da54980023e8445189d679294799d8",
    "https://deno.land/x/discord_api_types@0.37.41/payloads/v10/_interactions/_applicationCommands/_chatInput/attachment.ts": "2d1749a0154a0c6d679c82043ab578883a6c80c0e1d705b9d3f0fe8ab0fe6f7e",
    "https://deno.land/x/discord_api_types@0.37.41/payloads/v10/_interactions/_applicationCommands/_chatInput/base.ts": "12bbac2df9a7ecf2421c3487a0c97fdad1d9fa3e21758b4f07bfc6d7783cc718",
    "https://deno.land/x/discord_api_types@0.37.41/payloads/v10/_interactions/_applicationCommands/_chatInput/boolean.ts": "65e29561b61785ca4ede4b1b4a88c5fc0696cfdf1fa74d5197588c196ee7ae98",
    "https://deno.land/x/discord_api_types@0.37.41/payloads/v10/_interactions/_applicationCommands/_chatInput/channel.ts": "240849fada5b367d586bd800314c5f8438761532b1d34226df20f7047aecea36",
    "https://deno.land/x/discord_api_types@0.37.41/payloads/v10/_interactions/_applicationCommands/_chatInput/integer.ts": "a25d24a3e54d647c7039b99e3208fc0fc2228d174f6dcc421e93919b8154a011",
    "https://deno.land/x/discord_api_types@0.37.41/payloads/v10/_interactions/_applicationCommands/_chatInput/mentionable.ts": "406c8ebb981cc691607caf1d841d989abbd5b15f779a5f1f8aab273926d92b74",
    "https://deno.land/x/discord_api_types@0.37.41/payloads/v10/_interactions/_applicationCommands/_chatInput/number.ts": "be974ea68f5fdf55d7a7f5d3faf48a3193777d432b1aa9087afc204bcb916284",
    "https://deno.land/x/discord_api_types@0.37.41/payloads/v10/_interactions/_applicationCommands/_chatInput/role.ts": "af60bd57e215373dbb08350304987fc1cc472d3bb1e0656f95de2d8bdb5399c8",
    "https://deno.land/x/discord_api_types@0.37.41/payloads/v10/_interactions/_applicationCommands/_chatInput/shared.ts": "9e2d3b3530280f6de5f9b6de1bb81e8a905998e058f784a9b041e48a96cd93d2",
    "https://deno.land/x/discord_api_types@0.37.41/payloads/v10/_interactions/_applicationCommands/_chatInput/string.ts": "33ab12dab64544a70729b9b66b5a9790964ea779f05d4ab1a1e190e7c1b59e98",
    "https://deno.land/x/discord_api_types@0.37.41/payloads/v10/_interactions/_applicationCommands/_chatInput/subcommand.ts": "265a3b433d7635bfbeca8a1aef9c19de63c349da43c56d93ac52f1a352909a4f",
    "https://deno.land/x/discord_api_types@0.37.41/payloads/v10/_interactions/_applicationCommands/_chatInput/subcommandGroup.ts": "db5cc701bcb3d68c094de409da39c9a2b8834dc0d5038e5f963c96e5eaf412ac",
    "https://deno.land/x/discord_api_types@0.37.41/payloads/v10/_interactions/_applicationCommands/_chatInput/user.ts": "ba058577256522aa72ff14e2ad0851ae6029be282f1b3ad39e772189626a3646",
    "https://deno.land/x/discord_api_types@0.37.41/payloads/v10/_interactions/_applicationCommands/chatInput.ts": "36bbf210f205fc97f19abd73bf5cf88846c682ed88e49f53c72318522b55c8cc",
    "https://deno.land/x/discord_api_types@0.37.41/payloads/v10/_interactions/_applicationCommands/contextMenu.ts": "a56632f53b22bbed4bb6c483a3ca40cde137173c6fd82558bc2f5020bbcc8ca0",
    "https://deno.land/x/discord_api_types@0.37.41/payloads/v10/_interactions/_applicationCommands/internals.ts": "5eb5ea13a1247c73c0611886dea09ab8d632a9c5555ff0f33d44cd379fd75a08",
    "https://deno.land/x/discord_api_types@0.37.41/payloads/v10/_interactions/_applicationCommands/permissions.ts": "77e616fc4d0dbef7867e30203616228ca9f33567ecdce6c8b067b2d89f8468da",
    "https://deno.land/x/discord_api_types@0.37.41/payloads/v10/_interactions/applicationCommands.ts": "10e6d6aaa71b1ed31486e7e77456785732989475d67dfe9fd196a2318c5d10e1",
    "https://deno.land/x/discord_api_types@0.37.41/payloads/v10/_interactions/autocomplete.ts": "821ae50ff9845cac4b03169dbd4c4b187d8399765eb1f0d658d477c68e4c6136",
    "https://deno.land/x/discord_api_types@0.37.41/payloads/v10/_interactions/base.ts": "7bb07bea4b16c0e39b00c45ac2f9ba04d8cf8eeed13d38e27294c2f75cc2e2e8",
    "https://deno.land/x/discord_api_types@0.37.41/payloads/v10/_interactions/messageComponents.ts": "4bce249862b4f6ccfd9a44052718b814be1141683cfb8562608bd62ab607cf05",
    "https://deno.land/x/discord_api_types@0.37.41/payloads/v10/_interactions/modalSubmit.ts": "3a02d2d7df5bcdb1ffcd089f15e0d82ab65dcc0cefa904c6e0621f46edac041e",
    "https://deno.land/x/discord_api_types@0.37.41/payloads/v10/_interactions/ping.ts": "096ce582e9af373649fd5355cccd7424adceaffb73367b5301f1594ef5a3c264",
    "https://deno.land/x/discord_api_types@0.37.41/payloads/v10/_interactions/responses.ts": "7c3e747b6d8ac612a2201b73303614ffb89153132db63dc6ebf990a8d6fb67c3",
    "https://deno.land/x/discord_api_types@0.37.41/payloads/v10/application.ts": "bed8a2b120df6b2d5c798f342a1048eccee8a8d90c2e4f246fb9ba6e2d0aa696",
    "https://deno.land/x/discord_api_types@0.37.41/payloads/v10/auditLog.ts": "154f0ee3c9506fc98cba43148ed3f077b5e0251d98729e717940ca4603bdac3a",
    "https://deno.land/x/discord_api_types@0.37.41/payloads/v10/autoModeration.ts": "cfd9b1ce2be15ae240236507750120df975adee9ed9fca888de2851ef3f3f841",
    "https://deno.land/x/discord_api_types@0.37.41/payloads/v10/channel.ts": "06f6447373252e89d1ac4e6ea1c30b63583f9eab4fb02b697fe9f3a5b3d8be93",
    "https://deno.land/x/discord_api_types@0.37.41/payloads/v10/emoji.ts": "f08356a5bce18c4c58745f6bfb2674c6b4afa8c0b28cdbcf6e839c82d8daee0a",
    "https://deno.land/x/discord_api_types@0.37.41/payloads/v10/gateway.ts": "b3205a480094487b7804e09d66f670a85fb5e5736386f27b7cefe6f502a064ee",
    "https://deno.land/x/discord_api_types@0.37.41/payloads/v10/guild.ts": "d1f36a8dc7d01160bfbb7fe8bacbb4a0bbe112d461f347be8b2e488a839ac46b",
    "https://deno.land/x/discord_api_types@0.37.41/payloads/v10/guildScheduledEvent.ts": "a9784f2eabc0da60cdb6d2fbf3afc448825689c2f4f7df043bbe0624ad38bc3b",
    "https://deno.land/x/discord_api_types@0.37.41/payloads/v10/interactions.ts": "17dabe94016dad3d0d7fdc0aa812bf5b0b366465dd72cd0b01168880778cc60d",
    "https://deno.land/x/discord_api_types@0.37.41/payloads/v10/invite.ts": "6d52ec042c2485ef0a4765455d77344773d79a2e178f5075a06c0d22f2a837a3",
    "https://deno.land/x/discord_api_types@0.37.41/payloads/v10/mod.ts": "733090e3f67bb812dc0a3986d476e62483e88dfa0ce362d048a669b54b94c625",
    "https://deno.land/x/discord_api_types@0.37.41/payloads/v10/oauth2.ts": "dfb9f09fb44bf5faaa73ad4488ebe408905907d5fd46404895317f4e7c378489",
    "https://deno.land/x/discord_api_types@0.37.41/payloads/v10/permissions.ts": "c99597ce7da8d68f728ec84b99291105530d1ea30198b12fecdb68b5ed3a9076",
    "https://deno.land/x/discord_api_types@0.37.41/payloads/v10/stageInstance.ts": "bf438822088d1cf6ee86a7811548a1403ad020bb68af1db3f2769f3259fb189c",
    "https://deno.land/x/discord_api_types@0.37.41/payloads/v10/sticker.ts": "9ef06f6e0c821cd164d09a8992da6e59eda5a0cffd55ece9b00fc7178b267771",
    "https://deno.land/x/discord_api_types@0.37.41/payloads/v10/teams.ts": "b991091085456331b0f2586b630f6a99e59f613c74ad16f8521fe1f749205a16",
    "https://deno.land/x/discord_api_types@0.37.41/payloads/v10/template.ts": "d179e0741f463b6328ef7bd66ab6b71466f0c552ea0aa276c73fe087864c8e8e",
    "https://deno.land/x/discord_api_types@0.37.41/payloads/v10/user.ts": "62022ad405f712b83d5e69850e6fd7380745707b233bb947c1e35ffccd753690",
    "https://deno.land/x/discord_api_types@0.37.41/payloads/v10/voice.ts": "f06e63ce92a3f2168d002a3ea48c22923abde7367f6c176e69259cd5a318be67",
    "https://deno.land/x/discord_api_types@0.37.41/payloads/v10/webhook.ts": "b28b6e5077a24ce7c090ca8f97167f76a577c32bb720810a04118cc7cb7fe842",
    "https://deno.land/x/discord_api_types@0.37.41/rest/common.ts": "218b3e98beeb2b683caa72e357f8dc4c9d3e4470033001df8018919135e9499c",
    "https://deno.land/x/discord_api_types@0.37.41/rest/v10/application.ts": "980ee20ddd6888b43eb136f73dbe026a3c4c0884286f5431da5f078dab9b51f0",
    "https://deno.land/x/discord_api_types@0.37.41/rest/v10/auditLog.ts": "39a0914b6c51445023d82c3e3e66c9866cbb3cb6774d3e7eac63414ea9bcbfec",
    "https://deno.land/x/discord_api_types@0.37.41/rest/v10/autoModeration.ts": "3d388fd9a91c34f04b5e3e1b6ffe12029fb48b511f37ff88042325ec6cbc6605",
    "https://deno.land/x/discord_api_types@0.37.41/rest/v10/channel.ts": "23124f4d2a8d259eeb36051aa3ee4a8175018f8619cfaa1447da83354334f369",
    "https://deno.land/x/discord_api_types@0.37.41/rest/v10/emoji.ts": "9f694a1bd63886c62a87b4320f3bfa5d4f534b2d87c317d77d572d10522df3aa",
    "https://deno.land/x/discord_api_types@0.37.41/rest/v10/gateway.ts": "747cb95c9a8bca4e52423c780d5fc492fb0dab2b6015cd7e51e890e8d51acf29",
    "https://deno.land/x/discord_api_types@0.37.41/rest/v10/guild.ts": "44de0b9aee6a43fb7655dd4d91260519b1329af75c23dfae030363b553205406",
    "https://deno.land/x/discord_api_types@0.37.41/rest/v10/guildScheduledEvent.ts": "29d361f395d8cd1ecb47550615d19e10793d513cc5ad8d32895da2cc9cd0fd89",
    "https://deno.land/x/discord_api_types@0.37.41/rest/v10/interactions.ts": "d5662a523e814b6b7f5fb799b4fa08f72c906c68fde4233da683078f561c703e",
    "https://deno.land/x/discord_api_types@0.37.41/rest/v10/invite.ts": "28f8e740bdaa782c9d9d504049323762b5c1180348019dc5f9e0a900ec11213e",
    "https://deno.land/x/discord_api_types@0.37.41/rest/v10/mod.ts": "0506d26473ee7cbe783c577b4c4c2e95447e320c053689776ebac71bfc6175d3",
    "https://deno.land/x/discord_api_types@0.37.41/rest/v10/oauth2.ts": "b659a35654c17767480d142c46c36f5fe2544346875745e3f654c5e7c3d9f3f9",
    "https://deno.land/x/discord_api_types@0.37.41/rest/v10/stageInstance.ts": "d5d96446a0275860f136d40546bf0519d5d8d4171d03058598559df095dbf899",
    "https://deno.land/x/discord_api_types@0.37.41/rest/v10/sticker.ts": "656aae6b4263a602524098bcb09ad503a51dc09310165a575340e55d5a9c06cb",
    "https://deno.land/x/discord_api_types@0.37.41/rest/v10/template.ts": "0ad41c3c85571d3c5b0bec3914c678a21f376ec162ef0d3f1f7731a8d1d1009c",
    "https://deno.land/x/discord_api_types@0.37.41/rest/v10/user.ts": "60cfa227426c791021e9e8f769287e997477e722db5a3c577a9ec54078aaffca",
    "https://deno.land/x/discord_api_types@0.37.41/rest/v10/voice.ts": "cdbe9d6c39c8f44635d8632bf62a95b8c15877b92c56ddf69df2072bb1a74edc",
    "https://deno.land/x/discord_api_types@0.37.41/rest/v10/webhook.ts": "8d6b5eed9f46d803a8e32ed6db275fc788e65dedaf67b38ea66b675eee16a9a2",
    "https://deno.land/x/discord_api_types@0.37.41/rpc/common.ts": "cfacc7fab245a5a7e641479be9fc213ae57ce4095a08122a82b3b227d907f4c2",
    "https://deno.land/x/discord_api_types@0.37.41/rpc/v10.ts": "fbaad9f3d73fce88e76b0e52ad5345093f18077e4293937c9ec0ee24415b9a93",
    "https://deno.land/x/discord_api_types@0.37.41/utils/internals.ts": "cb70895ba89f7947c38f7fa447b0190cb14b5585be323414cda53d2ccb19b16c",
    "https://deno.land/x/discord_api_types@0.37.41/utils/v10.ts": "c731ae3a76e7bc62543f24e945420b1c1ff5870167e7990ffc134323cbfd73f2",
    "https://deno.land/x/discord_api_types@0.37.41/v10.ts": "f3f23492c59e77859aba5b34431edf3668c37f722d7f70c2e1ef7ba4bcda3010",
    "https://deno.land/x/httpcache@0.1.2/in_memory.ts": "9f7d2d1600f64934c45493bf300475f3edef8ca540da60f308bda32d30de849e",
    "https://deno.land/x/httpcache@0.1.2/mod.ts": "1247683a7e4f573759afb47709b2b5cd954986cfc4882ed7cc3a21b0e959be58",
    "https://deno.land/x/lru@1.0.2/mod.ts": "1d44b87c4d40ff33749ae5fd85fe234344e0dace835fdfeb48413edea9461159",
    "https://deno.land/x/media_types@v2.11.1/db.ts": "1eac2b1b57195e41d7e40d7b236a3adeb93b4fa18084b4c9db49144fe685c78d",
    "https://deno.land/x/media_types@v2.11.1/mod.ts": "1be09ec3626332f9fe52a8a9ede852bb76d2207f84bec1f1b16c10555478008f",
    "https://deno.land/x/sift@0.6.0/mod.ts": "d156582201226616af9c27cf93ee06610fc907700dcc09802e3741d2b14042bd",
    "https://esm.sh/preact-render-to-string@5.2.4?target=deno": "f13a0195c5b971dd9a4b68dea8819152b7597aaa609ca7f0224bfbf01acf09ee",
    "https://esm.sh/preact@10.10.6?target=deno": "1e29f08f3e8ad648c83062cbb69e040235a18441c8b2e58aac3d82b39393bba2",
    "https://esm.sh/stable/preact@10.10.6/deno/preact.mjs": "8c7289f4add6fb4e6f9066a7f39b59e61254e32ed8204551b6499aed333921fb",
    "https://esm.sh/stable/preact@10.13.2/deno/preact.mjs": "365fab897381f4f403f859c5d12939084560545567108cc90dae901bbe892578",
    "https://esm.sh/v118/preact-render-to-string@5.2.4/deno/preact-render-to-string.mjs": "130b2e65c3f4bb3ef8bb1d449961327d1793032180ea2cddcdbebff2faeef6a4",
    "https://esm.sh/v118/preact-render-to-string@5.2.4/src/index.d.ts": "67cf31ee9a249b49b4e4de74179c0c8260732f18e0853b7f69f7bdb6b59d8d30",
    "https://esm.sh/v118/preact@10.10.6/src/index.d.ts": "d3e2e5125321d592d2458226f311de66411f2fa949e546cbaaefa533c4fb89e3",
    "https://esm.sh/v118/preact@10.10.6/src/jsx.d.ts": "1bb7de31d64cc39b3b07613dc39bff42199ffec4b97ac9168a86f4747a3ec669",
    "https://esm.sh/v118/preact@10.13.2/src/index.d.ts": "65398710de6aa0a07412da79784e05e6e96763f51c7c91b77344d2d0af06385c",
    "https://esm.sh/v118/preact@10.13.2/src/jsx.d.ts": "9ac9b82c199fa7b04748807d750eba1a106c0be52041b8617416f88d6fc0a257"
  }
}
